
Microsoft Visual Studio Solution File, Format Version 12.00
# Visual Studio Version 17
VisualStudioVersion = 17.4.33110.190
MinimumVisualStudioVersion = 10.0.40219.1
Project("{FAE04EC0-301F-11D3-BF4B-00C04F79EFBC}") = "TestPrototype", "TestPrototype\TestPrototype.csproj", "{F51D556D-35C7-4A55-B9DD-69F48E25FAD1}"
EndProject
Global
	GlobalSection(SolutionConfigurationPlatforms) = preSolution
		Debug|Any CPU = Debug|Any CPU
		Release|Any CPU = Release|Any CPU
	EndGlobalSection
	GlobalSection(ProjectConfigurationPlatforms) = postSolution
		{F51D556D-35C7-4A55-B9DD-69F48E25FAD1}.Debug|Any CPU.ActiveCfg = Debug|Any CPU
		{F51D556D-35C7-4A55-B9DD-69F48E25FAD1}.Debug|Any CPU.Build.0 = Debug|Any CPU
		{F51D556D-35C7-4A55-B9DD-69F48E25FAD1}.Release|Any CPU.ActiveCfg = Release|Any CPU
		{F51D556D-35C7-4A55-B9DD-69F48E25FAD1}.Release|Any CPU.Build.0 = Release|Any CPU
	EndGlobalSection
	GlobalSection(SolutionProperties) = preSolution
		HideSolutionNode = FALSE
	EndGlobalSection
	GlobalSection(ExtensibilityGlobals) = postSolution
		SolutionGuid = {5AA4BBF4-CDE9-47EA-B764-50A70A9D70CA}
	EndGlobalSection
EndGlobal
